
Microsoft Visual Studio Solution File, Format Version 12.00
# Visual Studio Version 16
VisualStudioVersion = 16.0.29709.97
MinimumVisualStudioVersion = 10.0.40219.1
Project("{FAE04EC0-301F-11D3-BF4B-00C04F79EFBC}") = "UserService", "UserService\UserService.csproj", "{8FA3EF59-BDA0-408E-9F74-FF3BEAAAE151}"
EndProject
Global
	GlobalSection(SolutionConfigurationPlatforms) = preSolution
		Debug|Any CPU = Debug|Any CPU
		Release|Any CPU = Release|Any CPU
	EndGlobalSection
	GlobalSection(ProjectConfigurationPlatforms) = postSolution
		{8FA3EF59-BDA0-408E-9F74-FF3BEAAAE151}.Debug|Any CPU.ActiveCfg = Debug|Any CPU
		{8FA3EF59-BDA0-408E-9F74-FF3BEAAAE151}.Debug|Any CPU.Build.0 = Debug|Any CPU
		{8FA3EF59-BDA0-408E-9F74-FF3BEAAAE151}.Release|Any CPU.ActiveCfg = Release|Any CPU
		{8FA3EF59-BDA0-408E-9F74-FF3BEAAAE151}.Release|Any CPU.Build.0 = Release|Any CPU
	EndGlobalSection
	GlobalSection(SolutionProperties) = preSolution
		HideSolutionNode = FALSE
	EndGlobalSection
	GlobalSection(ExtensibilityGlobals) = postSolution
		SolutionGuid = {728C931D-DD0E-410F-8BB0-C8B47A7353AF}
	EndGlobalSection
EndGlobal
